
Microsoft Visual Studio Solution File, Format Version 12.00
# Visual Studio 2012
Project("{8BC9CEB8-8B4A-11D0-8D11-00A0C91BC942}") = "Maths Library and Demonstration", "Maths Library and Demonstration\Maths Library and Demonstration.vcxproj", "{018EF53B-4E81-417F-9198-8E0EB46B1136}"
EndProject
Global
	GlobalSection(SolutionConfigurationPlatforms) = preSolution
		Debug|Win32 = Debug|Win32
		Release|Win32 = Release|Win32
	EndGlobalSection
	GlobalSection(ProjectConfigurationPlatforms) = postSolution
		{018EF53B-4E81-417F-9198-8E0EB46B1136}.Debug|Win32.ActiveCfg = Debug|Win32
		{018EF53B-4E81-417F-9198-8E0EB46B1136}.Debug|Win32.Build.0 = Debug|Win32
		{018EF53B-4E81-417F-9198-8E0EB46B1136}.Release|Win32.ActiveCfg = Release|Win32
		{018EF53B-4E81-417F-9198-8E0EB46B1136}.Release|Win32.Build.0 = Release|Win32
	EndGlobalSection
	GlobalSection(SolutionProperties) = preSolution
		HideSolutionNode = FALSE
	EndGlobalSection
EndGlobal
